
Microsoft Visual Studio Solution File, Format Version 12.00
# Visual Studio 15
VisualStudioVersion = 15.0.27130.2010
MinimumVisualStudioVersion = 10.0.40219.1
Project("{2150E333-8FDC-42A3-9474-1A3956D46DE8}") = "src", "src", "{EC9EFBE9-B329-4C2D-935B-B2E2BEE02807}"
EndProject
Project("{2150E333-8FDC-42A3-9474-1A3956D46DE8}") = "test", "test", "{3CA06B60-6267-4AE5-91C3-C76838A5C7F4}"
EndProject
Project("{9A19103F-16F7-4668-BE54-9A1E7A4F7556}") = "Etdb.ServiceBase.Constants", "src\Etdb.ServiceBase.Constants\Etdb.ServiceBase.Constants.csproj", "{4E6BA6DE-2AAC-46A7-87E0-D26D1F7C6F89}"
EndProject
Project("{9A19103F-16F7-4668-BE54-9A1E7A4F7556}") = "Etdb.ServiceBase.Domain.Abstractions", "src\Etdb.ServiceBase.Domain.Abstractions\Etdb.ServiceBase.Domain.Abstractions.csproj", "{9C5C5DB8-A4F0-45FD-A37A-0A6096E9C303}"
EndProject
Project("{9A19103F-16F7-4668-BE54-9A1E7A4F7556}") = "Etdb.ServiceBase.EventSourcing.Abstractions", "src\Etdb.ServiceBase.EventSourcing.Abstractions\Etdb.ServiceBase.EventSourcing.Abstractions.csproj", "{D7FAEFFD-8B51-464A-BA05-142A17D57CC1}"
EndProject
Project("{9A19103F-16F7-4668-BE54-9A1E7A4F7556}") = "Etdb.ServiceBase.EventSourcing", "src\Etdb.ServiceBase.EventSourcing\Etdb.ServiceBase.EventSourcing.csproj", "{FD46AD19-9314-4DE8-8533-2B1DF012D84F}"
EndProject
Project("{9A19103F-16F7-4668-BE54-9A1E7A4F7556}") = "Etdb.ServiceBase.Repositories.Abstractions", "src\Etdb.ServiceBase.Repositories.Abstractions\Etdb.ServiceBase.Repositories.Abstractions.csproj", "{B120EFF1-8127-4B00-BFFD-C801BED68F3E}"
EndProject
Project("{9A19103F-16F7-4668-BE54-9A1E7A4F7556}") = "Etdb.ServiceBase.Repositories", "src\Etdb.ServiceBase.Repositories\Etdb.ServiceBase.Repositories.csproj", "{6D7BD785-9BBC-4DEF-B8F5-98402A060B4E}"
EndProject
Project("{9A19103F-16F7-4668-BE54-9A1E7A4F7556}") = "Etdb.ServiceBase.General.Abstractions", "src\Etdb.ServiceBase.General.Abstractions\Etdb.ServiceBase.General.Abstractions.csproj", "{5D58840B-702A-411B-8286-5A7A374C5F00}"
EndProject
Project("{9A19103F-16F7-4668-BE54-9A1E7A4F7556}") = "Etdb.ServiceBase.General", "src\Etdb.ServiceBase.General\Etdb.ServiceBase.General.csproj", "{AEB7EFEA-2A8A-446B-8056-417FA6439977}"
EndProject
Project("{9A19103F-16F7-4668-BE54-9A1E7A4F7556}") = "Etdb.ServiceBase.Builder", "src\Etdb.ServiceBase.Builder\Etdb.ServiceBase.Builder.csproj", "{BE120A5A-0389-46D3-978C-136E45F857EA}"
EndProject
Project("{2150E333-8FDC-42A3-9474-1A3956D46DE8}") = "misc", "misc", "{2A1FE43E-188D-4319-8DC5-E0A7BA6B0427}"
ProjectSection(SolutionItems) = preProject
	.gitignore = .gitignore
EndProjectSection
EndProject
Global
	GlobalSection(SolutionConfigurationPlatforms) = preSolution
		Debug|Any CPU = Debug|Any CPU
		Release|Any CPU = Release|Any CPU
	EndGlobalSection
	GlobalSection(ProjectConfigurationPlatforms) = postSolution
		{4E6BA6DE-2AAC-46A7-87E0-D26D1F7C6F89}.Debug|Any CPU.ActiveCfg = Debug|Any CPU
		{4E6BA6DE-2AAC-46A7-87E0-D26D1F7C6F89}.Debug|Any CPU.Build.0 = Debug|Any CPU
		{4E6BA6DE-2AAC-46A7-87E0-D26D1F7C6F89}.Release|Any CPU.ActiveCfg = Release|Any CPU
		{4E6BA6DE-2AAC-46A7-87E0-D26D1F7C6F89}.Release|Any CPU.Build.0 = Release|Any CPU
		{9C5C5DB8-A4F0-45FD-A37A-0A6096E9C303}.Debug|Any CPU.ActiveCfg = Debug|Any CPU
		{9C5C5DB8-A4F0-45FD-A37A-0A6096E9C303}.Debug|Any CPU.Build.0 = Debug|Any CPU
		{9C5C5DB8-A4F0-45FD-A37A-0A6096E9C303}.Release|Any CPU.ActiveCfg = Release|Any CPU
		{9C5C5DB8-A4F0-45FD-A37A-0A6096E9C303}.Release|Any CPU.Build.0 = Release|Any CPU
		{D7FAEFFD-8B51-464A-BA05-142A17D57CC1}.Debug|Any CPU.ActiveCfg = Debug|Any CPU
		{D7FAEFFD-8B51-464A-BA05-142A17D57CC1}.Debug|Any CPU.Build.0 = Debug|Any CPU
		{D7FAEFFD-8B51-464A-BA05-142A17D57CC1}.Release|Any CPU.ActiveCfg = Release|Any CPU
		{D7FAEFFD-8B51-464A-BA05-142A17D57CC1}.Release|Any CPU.Build.0 = Release|Any CPU
		{FD46AD19-9314-4DE8-8533-2B1DF012D84F}.Debug|Any CPU.ActiveCfg = Debug|Any CPU
		{FD46AD19-9314-4DE8-8533-2B1DF012D84F}.Debug|Any CPU.Build.0 = Debug|Any CPU
		{FD46AD19-9314-4DE8-8533-2B1DF012D84F}.Release|Any CPU.ActiveCfg = Release|Any CPU
		{FD46AD19-9314-4DE8-8533-2B1DF012D84F}.Release|Any CPU.Build.0 = Release|Any CPU
		{B120EFF1-8127-4B00-BFFD-C801BED68F3E}.Debug|Any CPU.ActiveCfg = Debug|Any CPU
		{B120EFF1-8127-4B00-BFFD-C801BED68F3E}.Debug|Any CPU.Build.0 = Debug|Any CPU
		{B120EFF1-8127-4B00-BFFD-C801BED68F3E}.Release|Any CPU.ActiveCfg = Release|Any CPU
		{B120EFF1-8127-4B00-BFFD-C801BED68F3E}.Release|Any CPU.Build.0 = Release|Any CPU
		{6D7BD785-9BBC-4DEF-B8F5-98402A060B4E}.Debug|Any CPU.ActiveCfg = Debug|Any CPU
		{6D7BD785-9BBC-4DEF-B8F5-98402A060B4E}.Debug|Any CPU.Build.0 = Debug|Any CPU
		{6D7BD785-9BBC-4DEF-B8F5-98402A060B4E}.Release|Any CPU.ActiveCfg = Release|Any CPU
		{6D7BD785-9BBC-4DEF-B8F5-98402A060B4E}.Release|Any CPU.Build.0 = Release|Any CPU
		{5D58840B-702A-411B-8286-5A7A374C5F00}.Debug|Any CPU.ActiveCfg = Debug|Any CPU
		{5D58840B-702A-411B-8286-5A7A374C5F00}.Debug|Any CPU.Build.0 = Debug|Any CPU
		{5D58840B-702A-411B-8286-5A7A374C5F00}.Release|Any CPU.ActiveCfg = Release|Any CPU
		{5D58840B-702A-411B-8286-5A7A374C5F00}.Release|Any CPU.Build.0 = Release|Any CPU
		{AEB7EFEA-2A8A-446B-8056-417FA6439977}.Debug|Any CPU.ActiveCfg = Debug|Any CPU
		{AEB7EFEA-2A8A-446B-8056-417FA6439977}.Debug|Any CPU.Build.0 = Debug|Any CPU
		{AEB7EFEA-2A8A-446B-8056-417FA6439977}.Release|Any CPU.ActiveCfg = Release|Any CPU
		{AEB7EFEA-2A8A-446B-8056-417FA6439977}.Release|Any CPU.Build.0 = Release|Any CPU
		{BE120A5A-0389-46D3-978C-136E45F857EA}.Debug|Any CPU.ActiveCfg = Debug|Any CPU
		{BE120A5A-0389-46D3-978C-136E45F857EA}.Debug|Any CPU.Build.0 = Debug|Any CPU
		{BE120A5A-0389-46D3-978C-136E45F857EA}.Release|Any CPU.ActiveCfg = Release|Any CPU
		{BE120A5A-0389-46D3-978C-136E45F857EA}.Release|Any CPU.Build.0 = Release|Any CPU
	EndGlobalSection
	GlobalSection(SolutionProperties) = preSolution
		HideSolutionNode = FALSE
	EndGlobalSection
	GlobalSection(NestedProjects) = preSolution
		{4E6BA6DE-2AAC-46A7-87E0-D26D1F7C6F89} = {EC9EFBE9-B329-4C2D-935B-B2E2BEE02807}
		{9C5C5DB8-A4F0-45FD-A37A-0A6096E9C303} = {EC9EFBE9-B329-4C2D-935B-B2E2BEE02807}
		{D7FAEFFD-8B51-464A-BA05-142A17D57CC1} = {EC9EFBE9-B329-4C2D-935B-B2E2BEE02807}
		{FD46AD19-9314-4DE8-8533-2B1DF012D84F} = {EC9EFBE9-B329-4C2D-935B-B2E2BEE02807}
		{B120EFF1-8127-4B00-BFFD-C801BED68F3E} = {EC9EFBE9-B329-4C2D-935B-B2E2BEE02807}
		{6D7BD785-9BBC-4DEF-B8F5-98402A060B4E} = {EC9EFBE9-B329-4C2D-935B-B2E2BEE02807}
		{5D58840B-702A-411B-8286-5A7A374C5F00} = {EC9EFBE9-B329-4C2D-935B-B2E2BEE02807}
		{AEB7EFEA-2A8A-446B-8056-417FA6439977} = {EC9EFBE9-B329-4C2D-935B-B2E2BEE02807}
		{BE120A5A-0389-46D3-978C-136E45F857EA} = {EC9EFBE9-B329-4C2D-935B-B2E2BEE02807}
	EndGlobalSection
	GlobalSection(ExtensibilityGlobals) = postSolution
		SolutionGuid = {2A92CEFB-6720-4D1A-B5CD-C99E8EE59F9E}
	EndGlobalSection
EndGlobal
